
Microsoft Visual Studio Solution File, Format Version 12.00
# Visual Studio 15
VisualStudioVersion = 15.0.28010.2016
MinimumVisualStudioVersion = 10.0.40219.1
Project("{FAE04EC0-301F-11D3-BF4B-00C04F79EFBC}") = "Team1FinalProject", "Team1FinalProject\Team1FinalProject.csproj", "{EA7A412D-CC44-4F9E-BF1A-854D8653D8B4}"
EndProject
Global
	GlobalSection(SolutionConfigurationPlatforms) = preSolution
		Debug|Any CPU = Debug|Any CPU
		Release|Any CPU = Release|Any CPU
	EndGlobalSection
	GlobalSection(ProjectConfigurationPlatforms) = postSolution
		{EA7A412D-CC44-4F9E-BF1A-854D8653D8B4}.Debug|Any CPU.ActiveCfg = Debug|Any CPU
		{EA7A412D-CC44-4F9E-BF1A-854D8653D8B4}.Debug|Any CPU.Build.0 = Debug|Any CPU
		{EA7A412D-CC44-4F9E-BF1A-854D8653D8B4}.Release|Any CPU.ActiveCfg = Release|Any CPU
		{EA7A412D-CC44-4F9E-BF1A-854D8653D8B4}.Release|Any CPU.Build.0 = Release|Any CPU
	EndGlobalSection
	GlobalSection(SolutionProperties) = preSolution
		HideSolutionNode = FALSE
	EndGlobalSection
	GlobalSection(ExtensibilityGlobals) = postSolution
		SolutionGuid = {0F07930A-4FE2-4E9E-AA67-E4DABB8A1D02}
	EndGlobalSection
EndGlobal
